
Microsoft Visual Studio Solution File, Format Version 12.00
# Visual Studio Version 16
VisualStudioVersion = 16.0.29009.5
MinimumVisualStudioVersion = 10.0.40219.1
Project("{FAE04EC0-301F-11D3-BF4B-00C04F79EFBC}") = "linq_lambda_practice", "ConsoleApplication4\linq_lambda_practice.csproj", "{31B00092-4441-4BCB-8E07-0F759341CCC2}"
EndProject
Project("{FAE04EC0-301F-11D3-BF4B-00C04F79EFBC}") = "DependencyInjection", "DependencyInjection\DependencyInjection.csproj", "{CB89BAB0-4BF0-4BC5-85A6-2F513DF3751B}"
EndProject
Project("{FAE04EC0-301F-11D3-BF4B-00C04F79EFBC}") = "Active_database_object(ADO)", "Active_database_object(ADO)\Active_database_object(ADO).csproj", "{3AF04D85-82C0-41CD-85B1-25ED721E3EDE}"
EndProject
Project("{FAE04EC0-301F-11D3-BF4B-00C04F79EFBC}") = "MVC6_sample", "MVC6_sample\MVC6_sample.csproj", "{D664D5E6-7639-4887-AEBC-182DE41F2D9F}"
EndProject
Project("{FAE04EC0-301F-11D3-BF4B-00C04F79EFBC}") = "Database class", "Database class\Database class.csproj", "{15F67932-6156-4D94-A277-E45566DA6F9D}"
EndProject
Project("{FAE04EC0-301F-11D3-BF4B-00C04F79EFBC}") = "Delegate", "Delegate\Delegate.csproj", "{AC10E2C7-E65C-45BA-AD8C-D7F7D383ECC3}"
EndProject
Project("{FAE04EC0-301F-11D3-BF4B-00C04F79EFBC}") = "generic", "generic\generic.csproj", "{D9F7F8CE-A4D0-46B1-9708-71CFD39C2DE7}"
EndProject
Project("{FAE04EC0-301F-11D3-BF4B-00C04F79EFBC}") = "lambda_expression_with anonymous_methods", "lambda_expression_with anonymous_methods\lambda_expression_with anonymous_methods.csproj", "{E76AB288-0FF1-4D3C-80C0-0E12FE177A49}"
EndProject
Project("{9A19103F-16F7-4668-BE54-9A1E7A4F7556}") = "parallel_programming", "parallel_programming\parallel_programming.csproj", "{BBCBADC1-59C2-4F89-A9D4-DF4EEB713EC4}"
EndProject
Project("{9A19103F-16F7-4668-BE54-9A1E7A4F7556}") = "eventHandling", "eventHandling\eventHandling.csproj", "{034D96B7-5148-4089-AE8C-33AE915C5DD3}"
EndProject
Project("{FAE04EC0-301F-11D3-BF4B-00C04F79EFBC}") = "ExtensionMethod", "ExtensionMethod\ExtensionMethod.csproj", "{AF39A075-C9A9-49F2-B5CC-19A6F99A45FC}"
EndProject
Project("{FAE04EC0-301F-11D3-BF4B-00C04F79EFBC}") = "OOP_class and objects", "OOP_class and objects\OOP_class and objects.csproj", "{2CD2CB2D-B37A-408E-B1EF-301205632E29}"
EndProject
Project("{FAE04EC0-301F-11D3-BF4B-00C04F79EFBC}") = "UnitTestProject1", "UnitTestProject1\UnitTestProject1.csproj", "{58B05177-B0F7-43AE-AEE1-DFC7C52CF780}"
EndProject
Project("{FAE04EC0-301F-11D3-BF4B-00C04F79EFBC}") = "unitTestLib", "unitTestLib\unitTestLib.csproj", "{CD3D6D5B-E0C2-4BC9-8BB5-E3EAAFBB4084}"
EndProject
Project("{FAE04EC0-301F-11D3-BF4B-00C04F79EFBC}") = "Dynamic", "Dynamic\Dynamic.csproj", "{570BE3CD-AA27-4A28-991E-0B3CBFD11CDC}"
EndProject
Project("{FAE04EC0-301F-11D3-BF4B-00C04F79EFBC}") = "ExceptionHandling", "ExceptionHandling\ExceptionHandling.csproj", "{C595E60D-3C49-4D17-AC4E-943D9EB9A30F}"
EndProject
Project("{FAE04EC0-301F-11D3-BF4B-00C04F79EFBC}") = "Normalization", "Normalization\Normalization.csproj", "{3A660C91-8A73-435F-B21C-BE30F6E861C8}"
EndProject
Project("{2150E333-8FDC-42A3-9474-1A3956D46DE8}") = "theory", "theory", "{9AA93928-0AE7-46BA-93CD-227FD7A2E25A}"
EndProject
Project("{FAE04EC0-301F-11D3-BF4B-00C04F79EFBC}") = "SQL_injections", "SQL_injections\SQL_injections.csproj", "{23F6E5BD-5010-4F30-AF14-FB4855E63F59}"
EndProject
Project("{FAE04EC0-301F-11D3-BF4B-00C04F79EFBC}") = "MsSQL_server", "MsSQL_server\MsSQL_server.csproj", "{E552A2E0-C374-4E1E-946B-30950AA135DC}"
EndProject
Project("{FAE04EC0-301F-11D3-BF4B-00C04F79EFBC}") = "Frameworks", "Frameworks\Frameworks.csproj", "{E5395B81-065E-4274-9131-218FEDEC525B}"
EndProject
Project("{FAE04EC0-301F-11D3-BF4B-00C04F79EFBC}") = "Array", "Array\Array.csproj", "{3047C69D-BB99-40FD-B50A-07BA69781A40}"
EndProject
Project("{FAE04EC0-301F-11D3-BF4B-00C04F79EFBC}") = "constructorChaining", "constructorChaining\constructorChaining.csproj", "{2969DE57-881A-4BB3-9675-F1D021D4177D}"
EndProject
Project("{FAE04EC0-301F-11D3-BF4B-00C04F79EFBC}") = "DataTypes", "DataTypes\DataTypes.csproj", "{40A5F5B0-90F8-4A8D-8FF6-9DCF9EFC96B1}"
EndProject
Project("{FAE04EC0-301F-11D3-BF4B-00C04F79EFBC}") = "usingStatement", "usingStatement\usingStatement.csproj", "{570043FD-D845-4D93-9147-2F6BEF5B3ACA}"
EndProject
Project("{2150E333-8FDC-42A3-9474-1A3956D46DE8}") = "SQL", "SQL", "{9C18F9AD-6EB4-4B88-957E-DDD8440EEAE2}"
EndProject
Project("{159641D6-6404-4A2A-AE62-294DE0FE8301}") = "Integration Services Project1", "Integration Services Project1\Integration Services Project1.dtproj", "{0E9D8BBF-C2D8-428F-92EA-0173F4943087}"
EndProject
Project("{2150E333-8FDC-42A3-9474-1A3956D46DE8}") = "Docker", "Docker", "{B7A45E73-5FAA-413A-A4AA-FFB2D84ED878}"
	ProjectSection(SolutionItems) = preProject
		README.txt = README.txt
	EndProjectSection
EndProject
Project("{FAE04EC0-301F-11D3-BF4B-00C04F79EFBC}") = "DynamicallyCallMethods", "DynamicallyCallMethods\DynamicallyCallMethods.csproj", "{C769B779-932B-4C81-9963-FCAB409776B0}"
EndProject
Project("{FAE04EC0-301F-11D3-BF4B-00C04F79EFBC}") = "Data_Structure_n_Algorithm", "Data_Structure_n_Algorithm\Data_Structure_n_Algorithm.csproj", "{6F7BA151-9BD6-4C38-91DB-9296224A97BC}"
EndProject
Project("{FAE04EC0-301F-11D3-BF4B-00C04F79EFBC}") = "entityFramework", "entityFramework\entityFramework.csproj", "{B3741B7F-F868-47BF-A11E-F9055DD11292}"
EndProject
Project("{2150E333-8FDC-42A3-9474-1A3956D46DE8}") = "EntityFramework_", "EntityFramework_", "{512A8730-EF34-4AA7-A499-9B40D3DD77BE}"
EndProject
Project("{FAE04EC0-301F-11D3-BF4B-00C04F79EFBC}") = "DatabaseFirst", "DatabaseFirst\DatabaseFirst.csproj", "{0675AE77-7549-41CB-9774-E4A2E69CC7F4}"
EndProject
Project("{FAE04EC0-301F-11D3-BF4B-00C04F79EFBC}") = "CodeFirst", "CodeFirst\CodeFirst.csproj", "{242E48D5-9267-4297-9185-106CAF336A42}"
EndProject
Project("{9A19103F-16F7-4668-BE54-9A1E7A4F7556}") = "locks", "locks\locks.csproj", "{06650F7E-5EEF-4352-ABFC-55720F65D137}"
EndProject
Project("{9A19103F-16F7-4668-BE54-9A1E7A4F7556}") = "ConcurrentCollection", "ConcurrentCollection\ConcurrentCollection.csproj", "{FBB407A6-D9A7-4F1C-A98A-4D753379D0F5}"
EndProject
Project("{FAE04EC0-301F-11D3-BF4B-00C04F79EFBC}") = "_Func", "_Func\_Func.csproj", "{97D3C426-74C7-459C-BF31-72E2534CBADE}"
EndProject
Project("{2150E333-8FDC-42A3-9474-1A3956D46DE8}") = "MVC", "MVC", "{390AD2CB-B9BC-4EDA-8CA8-C6BAF7AA5C2F}"
	ProjectSection(SolutionItems) = preProject
		README.txt = README.txt
	EndProjectSection
EndProject
Project("{FAE04EC0-301F-11D3-BF4B-00C04F79EFBC}") = "BackgroundWorkerProcess", "BackgroundWorkerProcess\BackgroundWorkerProcess.csproj", "{94AA1ECB-A263-4E4F-A09E-8295C5A651C4}"
EndProject
Project("{FAE04EC0-301F-11D3-BF4B-00C04F79EFBC}") = "linkedList_linkedListNode", "linkedList_linkedListNode\linkedList_linkedListNode.csproj", "{E428080E-4EFA-47CE-9D82-2CCD52ACA9F2}"
EndProject
Project("{FAE04EC0-301F-11D3-BF4B-00C04F79EFBC}") = "operatorOverloading", "operatorOverloading\operatorOverloading.csproj", "{94C85810-A9AA-4382-A9EA-12B51557ECF7}"
EndProject
Project("{FAE04EC0-301F-11D3-BF4B-00C04F79EFBC}") = "WCF_WEBAPI", "WCF_WEBAPI\WCF_WEBAPI.csproj", "{1222F69D-8CC0-4E57-AA29-4C07246A5717}"
EndProject
Project("{2150E333-8FDC-42A3-9474-1A3956D46DE8}") = "Authentication_with_jwt", "Authentication_with_jwt", "{E7FB8B42-BC5E-4817-9F81-3933EFAD7930}"
	ProjectSection(SolutionItems) = preProject
		..\WebApi.Jwt-master.zip = ..\WebApi.Jwt-master.zip
	EndProjectSection
EndProject
Project("{2150E333-8FDC-42A3-9474-1A3956D46DE8}") = "powershell", "powershell", "{851609B8-6D41-48AA-B10A-08ED1E6DCC34}"
EndProject
Project("{2150E333-8FDC-42A3-9474-1A3956D46DE8}") = "hostfiles_in_windows", "hostfiles_in_windows", "{5CB390FD-9F2D-4B9D-ACE6-03F6C49EAD38}"
EndProject
Project("{FAE04EC0-301F-11D3-BF4B-00C04F79EFBC}") = "HostFiles_in windows", "HostFiles_in windows\HostFiles_in windows.csproj", "{CB2E75D5-CB4D-4509-AFDA-7D8885B60BEC}"
EndProject
Project("{2150E333-8FDC-42A3-9474-1A3956D46DE8}") = "IIS", "IIS", "{51520F88-F0CE-41F7-9DBD-F2B0A7E1A617}"
EndProject
Project("{FAE04EC0-301F-11D3-BF4B-00C04F79EFBC}") = "ReverseProxy", "ReverseProxy\ReverseProxy.csproj", "{1DBA1B27-7C2F-47E1-83DF-355A55209DCA}"
EndProject
Project("{FAE04EC0-301F-11D3-BF4B-00C04F79EFBC}") = "get_output_as_xml_or_json_using_global", "get_output_as_xml_or_json_using_global\get_output_as_xml_or_json_using_global.csproj", "{3322431A-DC02-4287-9A96-8C0D38252A7B}"
EndProject
Project("{2150E333-8FDC-42A3-9474-1A3956D46DE8}") = "Dependancy_Injection", "Dependancy_Injection", "{943DF33D-858F-44C4-9C92-AA45C4FAEFE6}"
EndProject
Project("{FAE04EC0-301F-11D3-BF4B-00C04F79EFBC}") = "Dependency_Injection_with_structureMap", "Dependency_Injection1\Dependency_Injection_with_structureMap.csproj", "{C62AB5CD-A0EE-440D-B3F5-9A84C28B00EF}"
EndProject
Project("{2150E333-8FDC-42A3-9474-1A3956D46DE8}") = "Build", "Build", "{2A3537AB-970F-44C6-A32F-46E123D28476}"
EndProject
Project("{2150E333-8FDC-42A3-9474-1A3956D46DE8}") = "WEB_API", "WEB_API", "{C6C25315-2C7F-45BA-B76C-18C099DE3913}"
EndProject
Project("{FAE04EC0-301F-11D3-BF4B-00C04F79EFBC}") = "json_xml_out_set_from_global", "json_xml_out_set_from_global\json_xml_out_set_from_global.csproj", "{2C71A6A1-C986-4896-9252-37E1B27AF176}"
EndProject
Project("{FAE04EC0-301F-11D3-BF4B-00C04F79EFBC}") = "application pool", "application pool\application pool.csproj", "{69744699-9F28-4083-B3B0-CA78561655EB}"
EndProject
Project("{FAE04EC0-301F-11D3-BF4B-00C04F79EFBC}") = "try_catch", "try_catch\try_catch.csproj", "{225B4613-E42D-437A-9853-AD33A01DC0C3}"
EndProject
Project("{FAE04EC0-301F-11D3-BF4B-00C04F79EFBC}") = "prevent_decompile_project", "prevent_decompile_project\prevent_decompile_project.csproj", "{8C5A95DE-F0FA-4863-991C-1852F0E81B35}"
EndProject
Project("{2150E333-8FDC-42A3-9474-1A3956D46DE8}") = "ASP.core", "ASP.core", "{95B06204-CE29-428F-A381-EE5C0DA76068}"
EndProject
Project("{FAE04EC0-301F-11D3-BF4B-00C04F79EFBC}") = "TernaryOperator", "TernaryOperator\TernaryOperator.csproj", "{FA3CC7BD-513C-4C71-A809-2A7A4EF84957}"
EndProject
Project("{2150E333-8FDC-42A3-9474-1A3956D46DE8}") = "Hackers", "Hackers", "{A986B119-6E63-467B-9CA2-4E4847BE7794}"
EndProject
Project("{FAE04EC0-301F-11D3-BF4B-00C04F79EFBC}") = "form-protection-from-hacker", "form-protection-from-hacker\form-protection-from-hacker.csproj", "{DB261058-0DF2-4952-BDEC-B0653E85A4E1}"
EndProject
Project("{FAE04EC0-301F-11D3-BF4B-00C04F79EFBC}") = "model_binding_and_validating_data", "model_binding_and_validating_data\model_binding_and_validating_data.csproj", "{5CBF3EB0-3012-4F95-9C9F-94CC60B7AA1A}"
EndProject
Project("{9A19103F-16F7-4668-BE54-9A1E7A4F7556}") = "Creating_clean_and_maintain_view_code", "Creating_clean_and_maintain_view_code\Creating_clean_and_maintain_view_code.csproj", "{B69914D0-5ECD-4C2F-8BF6-62B92A241530}"
EndProject
Project("{9A19103F-16F7-4668-BE54-9A1E7A4F7556}") = "Asp.core_basic", "Asp.core_basic\Asp.core_basic.csproj", "{A2AED0A0-B987-4161-AA37-BDDF0C08B444}"
EndProject
Project("{9A19103F-16F7-4668-BE54-9A1E7A4F7556}") = "unit testing", "ConsoleApp1\unit testing.csproj", "{172E1675-087D-4878-A509-60C6EE8FDEDC}"
EndProject
Project("{FAE04EC0-301F-11D3-BF4B-00C04F79EFBC}") = "Serialization", "Serialization\Serialization.csproj", "{3206ABD7-B1E7-4578-BA97-C893A9D825B1}"
EndProject
Project("{FAE04EC0-301F-11D3-BF4B-00C04F79EFBC}") = "RandomQuestions", "RandomQuestions\RandomQuestions.csproj", "{EDE02ED9-41F7-4E5A-9F53-FAEBB1EB24FD}"
EndProject
Project("{FAE04EC0-301F-11D3-BF4B-00C04F79EFBC}") = "Indexer", "Indexer\Indexer.csproj", "{010249D3-CA70-436B-8D93-425C41F60D7C}"
EndProject
Project("{FAE04EC0-301F-11D3-BF4B-00C04F79EFBC}") = "Websecurity", "Websecurity\Websecurity.csproj", "{72D34A3A-F0F9-4EC9-BD82-CD6A66A328CA}"
EndProject
Project("{9A19103F-16F7-4668-BE54-9A1E7A4F7556}") = "WebAPiGeneral", "WebAPiGeneral\WebAPiGeneral.csproj", "{C722D093-8F8B-4457-8BB8-8C9FF077715C}"
EndProject
Project("{9A19103F-16F7-4668-BE54-9A1E7A4F7556}") = "webApiSwagger", "webApiSwagger\webApiSwagger.csproj", "{F15ED9E0-77D0-4614-93D0-A79BB1708EF1}"
EndProject
Project("{9A19103F-16F7-4668-BE54-9A1E7A4F7556}") = "Attribute_based_routing", "Attribute_based_routing\Attribute_based_routing.csproj", "{6F7C9BD7-0265-4AFF-8F87-A6813D6DE70B}"
EndProject
Project("{FAE04EC0-301F-11D3-BF4B-00C04F79EFBC}") = "delegateHandler", "delegateHandler\delegateHandler.csproj", "{81452405-E74B-4777-97F5-DD6CEAF12101}"
EndProject
Project("{9A19103F-16F7-4668-BE54-9A1E7A4F7556}") = "delegateHandlerWebApi", "delegateHandlerWebApi\delegateHandlerWebApi.csproj", "{EBD73ACD-4612-41AA-B43D-84B369DF324D}"
EndProject
Project("{9A19103F-16F7-4668-BE54-9A1E7A4F7556}") = "bindproperties_bindproperty", "bindproperties_bindproperty\bindproperties_bindproperty.csproj", "{F7BA32A0-2035-4EE7-8B0A-97351E45FC35}"
EndProject
Project("{FAE04EC0-301F-11D3-BF4B-00C04F79EFBC}") = "http_handlers_httpModule", "http_handlers_httpModule\http_handlers_httpModule.csproj", "{092C9E1C-0E98-455D-AC5B-C44C633CDA4E}"
EndProject
Project("{FAE04EC0-301F-11D3-BF4B-00C04F79EFBC}") = "ActionFilterAttributes", "ActionFilterAttributes\ActionFilterAttributes.csproj", "{9145C1C3-DE30-4262-AF1E-1F2D25D90BCA}"
EndProject
Global
	GlobalSection(SolutionConfigurationPlatforms) = preSolution
		Debug|Any CPU = Debug|Any CPU
		Development|Any CPU = Development|Any CPU
		Release|Any CPU = Release|Any CPU
	EndGlobalSection
	GlobalSection(ProjectConfigurationPlatforms) = postSolution
		{31B00092-4441-4BCB-8E07-0F759341CCC2}.Debug|Any CPU.ActiveCfg = Debug|Any CPU
		{31B00092-4441-4BCB-8E07-0F759341CCC2}.Debug|Any CPU.Build.0 = Debug|Any CPU
		{31B00092-4441-4BCB-8E07-0F759341CCC2}.Development|Any CPU.ActiveCfg = Debug|Any CPU
		{31B00092-4441-4BCB-8E07-0F759341CCC2}.Development|Any CPU.Build.0 = Debug|Any CPU
		{31B00092-4441-4BCB-8E07-0F759341CCC2}.Release|Any CPU.ActiveCfg = Release|Any CPU
		{31B00092-4441-4BCB-8E07-0F759341CCC2}.Release|Any CPU.Build.0 = Release|Any CPU
		{CB89BAB0-4BF0-4BC5-85A6-2F513DF3751B}.Debug|Any CPU.ActiveCfg = Debug|Any CPU
		{CB89BAB0-4BF0-4BC5-85A6-2F513DF3751B}.Debug|Any CPU.Build.0 = Debug|Any CPU
		{CB89BAB0-4BF0-4BC5-85A6-2F513DF3751B}.Development|Any CPU.ActiveCfg = Debug|Any CPU
		{CB89BAB0-4BF0-4BC5-85A6-2F513DF3751B}.Development|Any CPU.Build.0 = Debug|Any CPU
		{CB89BAB0-4BF0-4BC5-85A6-2F513DF3751B}.Release|Any CPU.ActiveCfg = Release|Any CPU
		{CB89BAB0-4BF0-4BC5-85A6-2F513DF3751B}.Release|Any CPU.Build.0 = Release|Any CPU
		{3AF04D85-82C0-41CD-85B1-25ED721E3EDE}.Debug|Any CPU.ActiveCfg = Debug|Any CPU
		{3AF04D85-82C0-41CD-85B1-25ED721E3EDE}.Debug|Any CPU.Build.0 = Debug|Any CPU
		{3AF04D85-82C0-41CD-85B1-25ED721E3EDE}.Development|Any CPU.ActiveCfg = Debug|Any CPU
		{3AF04D85-82C0-41CD-85B1-25ED721E3EDE}.Development|Any CPU.Build.0 = Debug|Any CPU
		{3AF04D85-82C0-41CD-85B1-25ED721E3EDE}.Release|Any CPU.ActiveCfg = Release|Any CPU
		{3AF04D85-82C0-41CD-85B1-25ED721E3EDE}.Release|Any CPU.Build.0 = Release|Any CPU
		{D664D5E6-7639-4887-AEBC-182DE41F2D9F}.Debug|Any CPU.ActiveCfg = Debug|Any CPU
		{D664D5E6-7639-4887-AEBC-182DE41F2D9F}.Debug|Any CPU.Build.0 = Debug|Any CPU
		{D664D5E6-7639-4887-AEBC-182DE41F2D9F}.Development|Any CPU.ActiveCfg = Debug|Any CPU
		{D664D5E6-7639-4887-AEBC-182DE41F2D9F}.Development|Any CPU.Build.0 = Debug|Any CPU
		{D664D5E6-7639-4887-AEBC-182DE41F2D9F}.Release|Any CPU.ActiveCfg = Release|Any CPU
		{D664D5E6-7639-4887-AEBC-182DE41F2D9F}.Release|Any CPU.Build.0 = Release|Any CPU
		{15F67932-6156-4D94-A277-E45566DA6F9D}.Debug|Any CPU.ActiveCfg = Debug|Any CPU
		{15F67932-6156-4D94-A277-E45566DA6F9D}.Debug|Any CPU.Build.0 = Debug|Any CPU
		{15F67932-6156-4D94-A277-E45566DA6F9D}.Development|Any CPU.ActiveCfg = Debug|Any CPU
		{15F67932-6156-4D94-A277-E45566DA6F9D}.Development|Any CPU.Build.0 = Debug|Any CPU
		{15F67932-6156-4D94-A277-E45566DA6F9D}.Release|Any CPU.ActiveCfg = Release|Any CPU
		{15F67932-6156-4D94-A277-E45566DA6F9D}.Release|Any CPU.Build.0 = Release|Any CPU
		{AC10E2C7-E65C-45BA-AD8C-D7F7D383ECC3}.Debug|Any CPU.ActiveCfg = Debug|Any CPU
		{AC10E2C7-E65C-45BA-AD8C-D7F7D383ECC3}.Debug|Any CPU.Build.0 = Debug|Any CPU
		{AC10E2C7-E65C-45BA-AD8C-D7F7D383ECC3}.Development|Any CPU.ActiveCfg = Debug|Any CPU
		{AC10E2C7-E65C-45BA-AD8C-D7F7D383ECC3}.Development|Any CPU.Build.0 = Debug|Any CPU
		{AC10E2C7-E65C-45BA-AD8C-D7F7D383ECC3}.Release|Any CPU.ActiveCfg = Release|Any CPU
		{AC10E2C7-E65C-45BA-AD8C-D7F7D383ECC3}.Release|Any CPU.Build.0 = Release|Any CPU
		{D9F7F8CE-A4D0-46B1-9708-71CFD39C2DE7}.Debug|Any CPU.ActiveCfg = Debug|Any CPU
		{D9F7F8CE-A4D0-46B1-9708-71CFD39C2DE7}.Debug|Any CPU.Build.0 = Debug|Any CPU
		{D9F7F8CE-A4D0-46B1-9708-71CFD39C2DE7}.Development|Any CPU.ActiveCfg = Debug|Any CPU
		{D9F7F8CE-A4D0-46B1-9708-71CFD39C2DE7}.Development|Any CPU.Build.0 = Debug|Any CPU
		{D9F7F8CE-A4D0-46B1-9708-71CFD39C2DE7}.Release|Any CPU.ActiveCfg = Release|Any CPU
		{D9F7F8CE-A4D0-46B1-9708-71CFD39C2DE7}.Release|Any CPU.Build.0 = Release|Any CPU
		{E76AB288-0FF1-4D3C-80C0-0E12FE177A49}.Debug|Any CPU.ActiveCfg = Debug|Any CPU
		{E76AB288-0FF1-4D3C-80C0-0E12FE177A49}.Debug|Any CPU.Build.0 = Debug|Any CPU
		{E76AB288-0FF1-4D3C-80C0-0E12FE177A49}.Development|Any CPU.ActiveCfg = Debug|Any CPU
		{E76AB288-0FF1-4D3C-80C0-0E12FE177A49}.Development|Any CPU.Build.0 = Debug|Any CPU
		{E76AB288-0FF1-4D3C-80C0-0E12FE177A49}.Release|Any CPU.ActiveCfg = Release|Any CPU
		{E76AB288-0FF1-4D3C-80C0-0E12FE177A49}.Release|Any CPU.Build.0 = Release|Any CPU
		{BBCBADC1-59C2-4F89-A9D4-DF4EEB713EC4}.Debug|Any CPU.ActiveCfg = Debug|Any CPU
		{BBCBADC1-59C2-4F89-A9D4-DF4EEB713EC4}.Debug|Any CPU.Build.0 = Debug|Any CPU
		{BBCBADC1-59C2-4F89-A9D4-DF4EEB713EC4}.Development|Any CPU.ActiveCfg = Debug|Any CPU
		{BBCBADC1-59C2-4F89-A9D4-DF4EEB713EC4}.Development|Any CPU.Build.0 = Debug|Any CPU
		{BBCBADC1-59C2-4F89-A9D4-DF4EEB713EC4}.Release|Any CPU.ActiveCfg = Release|Any CPU
		{BBCBADC1-59C2-4F89-A9D4-DF4EEB713EC4}.Release|Any CPU.Build.0 = Release|Any CPU
		{034D96B7-5148-4089-AE8C-33AE915C5DD3}.Debug|Any CPU.ActiveCfg = Debug|Any CPU
		{034D96B7-5148-4089-AE8C-33AE915C5DD3}.Debug|Any CPU.Build.0 = Debug|Any CPU
		{034D96B7-5148-4089-AE8C-33AE915C5DD3}.Development|Any CPU.ActiveCfg = Debug|Any CPU
		{034D96B7-5148-4089-AE8C-33AE915C5DD3}.Development|Any CPU.Build.0 = Debug|Any CPU
		{034D96B7-5148-4089-AE8C-33AE915C5DD3}.Release|Any CPU.ActiveCfg = Release|Any CPU
		{034D96B7-5148-4089-AE8C-33AE915C5DD3}.Release|Any CPU.Build.0 = Release|Any CPU
		{AF39A075-C9A9-49F2-B5CC-19A6F99A45FC}.Debug|Any CPU.ActiveCfg = Debug|Any CPU
		{AF39A075-C9A9-49F2-B5CC-19A6F99A45FC}.Debug|Any CPU.Build.0 = Debug|Any CPU
		{AF39A075-C9A9-49F2-B5CC-19A6F99A45FC}.Development|Any CPU.ActiveCfg = Debug|Any CPU
		{AF39A075-C9A9-49F2-B5CC-19A6F99A45FC}.Development|Any CPU.Build.0 = Debug|Any CPU
		{AF39A075-C9A9-49F2-B5CC-19A6F99A45FC}.Release|Any CPU.ActiveCfg = Release|Any CPU
		{AF39A075-C9A9-49F2-B5CC-19A6F99A45FC}.Release|Any CPU.Build.0 = Release|Any CPU
		{2CD2CB2D-B37A-408E-B1EF-301205632E29}.Debug|Any CPU.ActiveCfg = Debug|Any CPU
		{2CD2CB2D-B37A-408E-B1EF-301205632E29}.Debug|Any CPU.Build.0 = Debug|Any CPU
		{2CD2CB2D-B37A-408E-B1EF-301205632E29}.Development|Any CPU.ActiveCfg = Debug|Any CPU
		{2CD2CB2D-B37A-408E-B1EF-301205632E29}.Development|Any CPU.Build.0 = Debug|Any CPU
		{2CD2CB2D-B37A-408E-B1EF-301205632E29}.Release|Any CPU.ActiveCfg = Release|Any CPU
		{2CD2CB2D-B37A-408E-B1EF-301205632E29}.Release|Any CPU.Build.0 = Release|Any CPU
		{58B05177-B0F7-43AE-AEE1-DFC7C52CF780}.Debug|Any CPU.ActiveCfg = Debug|Any CPU
		{58B05177-B0F7-43AE-AEE1-DFC7C52CF780}.Debug|Any CPU.Build.0 = Debug|Any CPU
		{58B05177-B0F7-43AE-AEE1-DFC7C52CF780}.Development|Any CPU.ActiveCfg = Debug|Any CPU
		{58B05177-B0F7-43AE-AEE1-DFC7C52CF780}.Development|Any CPU.Build.0 = Debug|Any CPU
		{58B05177-B0F7-43AE-AEE1-DFC7C52CF780}.Release|Any CPU.ActiveCfg = Release|Any CPU
		{58B05177-B0F7-43AE-AEE1-DFC7C52CF780}.Release|Any CPU.Build.0 = Release|Any CPU
		{CD3D6D5B-E0C2-4BC9-8BB5-E3EAAFBB4084}.Debug|Any CPU.ActiveCfg = Debug|Any CPU
		{CD3D6D5B-E0C2-4BC9-8BB5-E3EAAFBB4084}.Debug|Any CPU.Build.0 = Debug|Any CPU
		{CD3D6D5B-E0C2-4BC9-8BB5-E3EAAFBB4084}.Development|Any CPU.ActiveCfg = Debug|Any CPU
		{CD3D6D5B-E0C2-4BC9-8BB5-E3EAAFBB4084}.Development|Any CPU.Build.0 = Debug|Any CPU
		{CD3D6D5B-E0C2-4BC9-8BB5-E3EAAFBB4084}.Release|Any CPU.ActiveCfg = Release|Any CPU
		{CD3D6D5B-E0C2-4BC9-8BB5-E3EAAFBB4084}.Release|Any CPU.Build.0 = Release|Any CPU
		{570BE3CD-AA27-4A28-991E-0B3CBFD11CDC}.Debug|Any CPU.ActiveCfg = Debug|Any CPU
		{570BE3CD-AA27-4A28-991E-0B3CBFD11CDC}.Debug|Any CPU.Build.0 = Debug|Any CPU
		{570BE3CD-AA27-4A28-991E-0B3CBFD11CDC}.Development|Any CPU.ActiveCfg = Debug|Any CPU
		{570BE3CD-AA27-4A28-991E-0B3CBFD11CDC}.Development|Any CPU.Build.0 = Debug|Any CPU
		{570BE3CD-AA27-4A28-991E-0B3CBFD11CDC}.Release|Any CPU.ActiveCfg = Release|Any CPU
		{570BE3CD-AA27-4A28-991E-0B3CBFD11CDC}.Release|Any CPU.Build.0 = Release|Any CPU
		{C595E60D-3C49-4D17-AC4E-943D9EB9A30F}.Debug|Any CPU.ActiveCfg = Debug|Any CPU
		{C595E60D-3C49-4D17-AC4E-943D9EB9A30F}.Debug|Any CPU.Build.0 = Debug|Any CPU
		{C595E60D-3C49-4D17-AC4E-943D9EB9A30F}.Development|Any CPU.ActiveCfg = Debug|Any CPU
		{C595E60D-3C49-4D17-AC4E-943D9EB9A30F}.Development|Any CPU.Build.0 = Debug|Any CPU
		{C595E60D-3C49-4D17-AC4E-943D9EB9A30F}.Release|Any CPU.ActiveCfg = Release|Any CPU
		{C595E60D-3C49-4D17-AC4E-943D9EB9A30F}.Release|Any CPU.Build.0 = Release|Any CPU
		{3A660C91-8A73-435F-B21C-BE30F6E861C8}.Debug|Any CPU.ActiveCfg = Debug|Any CPU
		{3A660C91-8A73-435F-B21C-BE30F6E861C8}.Debug|Any CPU.Build.0 = Debug|Any CPU
		{3A660C91-8A73-435F-B21C-BE30F6E861C8}.Development|Any CPU.ActiveCfg = Debug|Any CPU
		{3A660C91-8A73-435F-B21C-BE30F6E861C8}.Development|Any CPU.Build.0 = Debug|Any CPU
		{3A660C91-8A73-435F-B21C-BE30F6E861C8}.Release|Any CPU.ActiveCfg = Release|Any CPU
		{3A660C91-8A73-435F-B21C-BE30F6E861C8}.Release|Any CPU.Build.0 = Release|Any CPU
		{23F6E5BD-5010-4F30-AF14-FB4855E63F59}.Debug|Any CPU.ActiveCfg = Debug|Any CPU
		{23F6E5BD-5010-4F30-AF14-FB4855E63F59}.Debug|Any CPU.Build.0 = Debug|Any CPU
		{23F6E5BD-5010-4F30-AF14-FB4855E63F59}.Development|Any CPU.ActiveCfg = Debug|Any CPU
		{23F6E5BD-5010-4F30-AF14-FB4855E63F59}.Development|Any CPU.Build.0 = Debug|Any CPU
		{23F6E5BD-5010-4F30-AF14-FB4855E63F59}.Release|Any CPU.ActiveCfg = Release|Any CPU
		{23F6E5BD-5010-4F30-AF14-FB4855E63F59}.Release|Any CPU.Build.0 = Release|Any CPU
		{E552A2E0-C374-4E1E-946B-30950AA135DC}.Debug|Any CPU.ActiveCfg = Debug|Any CPU
		{E552A2E0-C374-4E1E-946B-30950AA135DC}.Debug|Any CPU.Build.0 = Debug|Any CPU
		{E552A2E0-C374-4E1E-946B-30950AA135DC}.Development|Any CPU.ActiveCfg = Debug|Any CPU
		{E552A2E0-C374-4E1E-946B-30950AA135DC}.Development|Any CPU.Build.0 = Debug|Any CPU
		{E552A2E0-C374-4E1E-946B-30950AA135DC}.Release|Any CPU.ActiveCfg = Release|Any CPU
		{E552A2E0-C374-4E1E-946B-30950AA135DC}.Release|Any CPU.Build.0 = Release|Any CPU
		{E5395B81-065E-4274-9131-218FEDEC525B}.Debug|Any CPU.ActiveCfg = Debug|Any CPU
		{E5395B81-065E-4274-9131-218FEDEC525B}.Debug|Any CPU.Build.0 = Debug|Any CPU
		{E5395B81-065E-4274-9131-218FEDEC525B}.Development|Any CPU.ActiveCfg = Debug|Any CPU
		{E5395B81-065E-4274-9131-218FEDEC525B}.Development|Any CPU.Build.0 = Debug|Any CPU
		{E5395B81-065E-4274-9131-218FEDEC525B}.Release|Any CPU.ActiveCfg = Release|Any CPU
		{E5395B81-065E-4274-9131-218FEDEC525B}.Release|Any CPU.Build.0 = Release|Any CPU
		{3047C69D-BB99-40FD-B50A-07BA69781A40}.Debug|Any CPU.ActiveCfg = Debug|Any CPU
		{3047C69D-BB99-40FD-B50A-07BA69781A40}.Debug|Any CPU.Build.0 = Debug|Any CPU
		{3047C69D-BB99-40FD-B50A-07BA69781A40}.Development|Any CPU.ActiveCfg = Debug|Any CPU
		{3047C69D-BB99-40FD-B50A-07BA69781A40}.Development|Any CPU.Build.0 = Debug|Any CPU
		{3047C69D-BB99-40FD-B50A-07BA69781A40}.Release|Any CPU.ActiveCfg = Release|Any CPU
		{3047C69D-BB99-40FD-B50A-07BA69781A40}.Release|Any CPU.Build.0 = Release|Any CPU
		{2969DE57-881A-4BB3-9675-F1D021D4177D}.Debug|Any CPU.ActiveCfg = Debug|Any CPU
		{2969DE57-881A-4BB3-9675-F1D021D4177D}.Debug|Any CPU.Build.0 = Debug|Any CPU
		{2969DE57-881A-4BB3-9675-F1D021D4177D}.Development|Any CPU.ActiveCfg = Debug|Any CPU
		{2969DE57-881A-4BB3-9675-F1D021D4177D}.Development|Any CPU.Build.0 = Debug|Any CPU
		{2969DE57-881A-4BB3-9675-F1D021D4177D}.Release|Any CPU.ActiveCfg = Release|Any CPU
		{2969DE57-881A-4BB3-9675-F1D021D4177D}.Release|Any CPU.Build.0 = Release|Any CPU
		{40A5F5B0-90F8-4A8D-8FF6-9DCF9EFC96B1}.Debug|Any CPU.ActiveCfg = Debug|Any CPU
		{40A5F5B0-90F8-4A8D-8FF6-9DCF9EFC96B1}.Debug|Any CPU.Build.0 = Debug|Any CPU
		{40A5F5B0-90F8-4A8D-8FF6-9DCF9EFC96B1}.Development|Any CPU.ActiveCfg = Debug|Any CPU
		{40A5F5B0-90F8-4A8D-8FF6-9DCF9EFC96B1}.Development|Any CPU.Build.0 = Debug|Any CPU
		{40A5F5B0-90F8-4A8D-8FF6-9DCF9EFC96B1}.Release|Any CPU.ActiveCfg = Release|Any CPU
		{40A5F5B0-90F8-4A8D-8FF6-9DCF9EFC96B1}.Release|Any CPU.Build.0 = Release|Any CPU
		{570043FD-D845-4D93-9147-2F6BEF5B3ACA}.Debug|Any CPU.ActiveCfg = Debug|Any CPU
		{570043FD-D845-4D93-9147-2F6BEF5B3ACA}.Debug|Any CPU.Build.0 = Debug|Any CPU
		{570043FD-D845-4D93-9147-2F6BEF5B3ACA}.Development|Any CPU.ActiveCfg = Debug|Any CPU
		{570043FD-D845-4D93-9147-2F6BEF5B3ACA}.Development|Any CPU.Build.0 = Debug|Any CPU
		{570043FD-D845-4D93-9147-2F6BEF5B3ACA}.Release|Any CPU.ActiveCfg = Release|Any CPU
		{570043FD-D845-4D93-9147-2F6BEF5B3ACA}.Release|Any CPU.Build.0 = Release|Any CPU
		{0E9D8BBF-C2D8-428F-92EA-0173F4943087}.Debug|Any CPU.ActiveCfg = Development
		{0E9D8BBF-C2D8-428F-92EA-0173F4943087}.Debug|Any CPU.Build.0 = Development
		{0E9D8BBF-C2D8-428F-92EA-0173F4943087}.Development|Any CPU.ActiveCfg = Development
		{0E9D8BBF-C2D8-428F-92EA-0173F4943087}.Development|Any CPU.Build.0 = Development
		{0E9D8BBF-C2D8-428F-92EA-0173F4943087}.Release|Any CPU.ActiveCfg = Development
		{0E9D8BBF-C2D8-428F-92EA-0173F4943087}.Release|Any CPU.Build.0 = Development
		{C769B779-932B-4C81-9963-FCAB409776B0}.Debug|Any CPU.ActiveCfg = Debug|Any CPU
		{C769B779-932B-4C81-9963-FCAB409776B0}.Debug|Any CPU.Build.0 = Debug|Any CPU
		{C769B779-932B-4C81-9963-FCAB409776B0}.Development|Any CPU.ActiveCfg = Debug|Any CPU
		{C769B779-932B-4C81-9963-FCAB409776B0}.Development|Any CPU.Build.0 = Debug|Any CPU
		{C769B779-932B-4C81-9963-FCAB409776B0}.Release|Any CPU.ActiveCfg = Release|Any CPU
		{C769B779-932B-4C81-9963-FCAB409776B0}.Release|Any CPU.Build.0 = Release|Any CPU
		{6F7BA151-9BD6-4C38-91DB-9296224A97BC}.Debug|Any CPU.ActiveCfg = Debug|Any CPU
		{6F7BA151-9BD6-4C38-91DB-9296224A97BC}.Debug|Any CPU.Build.0 = Debug|Any CPU
		{6F7BA151-9BD6-4C38-91DB-9296224A97BC}.Development|Any CPU.ActiveCfg = Debug|Any CPU
		{6F7BA151-9BD6-4C38-91DB-9296224A97BC}.Development|Any CPU.Build.0 = Debug|Any CPU
		{6F7BA151-9BD6-4C38-91DB-9296224A97BC}.Release|Any CPU.ActiveCfg = Release|Any CPU
		{6F7BA151-9BD6-4C38-91DB-9296224A97BC}.Release|Any CPU.Build.0 = Release|Any CPU
		{B3741B7F-F868-47BF-A11E-F9055DD11292}.Debug|Any CPU.ActiveCfg = Debug|Any CPU
		{B3741B7F-F868-47BF-A11E-F9055DD11292}.Debug|Any CPU.Build.0 = Debug|Any CPU
		{B3741B7F-F868-47BF-A11E-F9055DD11292}.Development|Any CPU.ActiveCfg = Debug|Any CPU
		{B3741B7F-F868-47BF-A11E-F9055DD11292}.Development|Any CPU.Build.0 = Debug|Any CPU
		{B3741B7F-F868-47BF-A11E-F9055DD11292}.Release|Any CPU.ActiveCfg = Release|Any CPU
		{B3741B7F-F868-47BF-A11E-F9055DD11292}.Release|Any CPU.Build.0 = Release|Any CPU
		{0675AE77-7549-41CB-9774-E4A2E69CC7F4}.Debug|Any CPU.ActiveCfg = Debug|Any CPU
		{0675AE77-7549-41CB-9774-E4A2E69CC7F4}.Debug|Any CPU.Build.0 = Debug|Any CPU
		{0675AE77-7549-41CB-9774-E4A2E69CC7F4}.Development|Any CPU.ActiveCfg = Debug|Any CPU
		{0675AE77-7549-41CB-9774-E4A2E69CC7F4}.Development|Any CPU.Build.0 = Debug|Any CPU
		{0675AE77-7549-41CB-9774-E4A2E69CC7F4}.Release|Any CPU.ActiveCfg = Release|Any CPU
		{0675AE77-7549-41CB-9774-E4A2E69CC7F4}.Release|Any CPU.Build.0 = Release|Any CPU
		{242E48D5-9267-4297-9185-106CAF336A42}.Debug|Any CPU.ActiveCfg = Debug|Any CPU
		{242E48D5-9267-4297-9185-106CAF336A42}.Debug|Any CPU.Build.0 = Debug|Any CPU
		{242E48D5-9267-4297-9185-106CAF336A42}.Development|Any CPU.ActiveCfg = Debug|Any CPU
		{242E48D5-9267-4297-9185-106CAF336A42}.Development|Any CPU.Build.0 = Debug|Any CPU
		{242E48D5-9267-4297-9185-106CAF336A42}.Release|Any CPU.ActiveCfg = Release|Any CPU
		{242E48D5-9267-4297-9185-106CAF336A42}.Release|Any CPU.Build.0 = Release|Any CPU
		{06650F7E-5EEF-4352-ABFC-55720F65D137}.Debug|Any CPU.ActiveCfg = Debug|Any CPU
		{06650F7E-5EEF-4352-ABFC-55720F65D137}.Debug|Any CPU.Build.0 = Debug|Any CPU
		{06650F7E-5EEF-4352-ABFC-55720F65D137}.Development|Any CPU.ActiveCfg = Debug|Any CPU
		{06650F7E-5EEF-4352-ABFC-55720F65D137}.Development|Any CPU.Build.0 = Debug|Any CPU
		{06650F7E-5EEF-4352-ABFC-55720F65D137}.Release|Any CPU.ActiveCfg = Release|Any CPU
		{06650F7E-5EEF-4352-ABFC-55720F65D137}.Release|Any CPU.Build.0 = Release|Any CPU
		{FBB407A6-D9A7-4F1C-A98A-4D753379D0F5}.Debug|Any CPU.ActiveCfg = Debug|Any CPU
		{FBB407A6-D9A7-4F1C-A98A-4D753379D0F5}.Debug|Any CPU.Build.0 = Debug|Any CPU
		{FBB407A6-D9A7-4F1C-A98A-4D753379D0F5}.Development|Any CPU.ActiveCfg = Debug|Any CPU
		{FBB407A6-D9A7-4F1C-A98A-4D753379D0F5}.Development|Any CPU.Build.0 = Debug|Any CPU
		{FBB407A6-D9A7-4F1C-A98A-4D753379D0F5}.Release|Any CPU.ActiveCfg = Release|Any CPU
		{FBB407A6-D9A7-4F1C-A98A-4D753379D0F5}.Release|Any CPU.Build.0 = Release|Any CPU
		{97D3C426-74C7-459C-BF31-72E2534CBADE}.Debug|Any CPU.ActiveCfg = Debug|Any CPU
		{97D3C426-74C7-459C-BF31-72E2534CBADE}.Debug|Any CPU.Build.0 = Debug|Any CPU
		{97D3C426-74C7-459C-BF31-72E2534CBADE}.Development|Any CPU.ActiveCfg = Debug|Any CPU
		{97D3C426-74C7-459C-BF31-72E2534CBADE}.Development|Any CPU.Build.0 = Debug|Any CPU
		{97D3C426-74C7-459C-BF31-72E2534CBADE}.Release|Any CPU.ActiveCfg = Release|Any CPU
		{97D3C426-74C7-459C-BF31-72E2534CBADE}.Release|Any CPU.Build.0 = Release|Any CPU
		{94AA1ECB-A263-4E4F-A09E-8295C5A651C4}.Debug|Any CPU.ActiveCfg = Debug|Any CPU
		{94AA1ECB-A263-4E4F-A09E-8295C5A651C4}.Debug|Any CPU.Build.0 = Debug|Any CPU
		{94AA1ECB-A263-4E4F-A09E-8295C5A651C4}.Development|Any CPU.ActiveCfg = Debug|Any CPU
		{94AA1ECB-A263-4E4F-A09E-8295C5A651C4}.Development|Any CPU.Build.0 = Debug|Any CPU
		{94AA1ECB-A263-4E4F-A09E-8295C5A651C4}.Release|Any CPU.ActiveCfg = Release|Any CPU
		{94AA1ECB-A263-4E4F-A09E-8295C5A651C4}.Release|Any CPU.Build.0 = Release|Any CPU
		{E428080E-4EFA-47CE-9D82-2CCD52ACA9F2}.Debug|Any CPU.ActiveCfg = Debug|Any CPU
		{E428080E-4EFA-47CE-9D82-2CCD52ACA9F2}.Debug|Any CPU.Build.0 = Debug|Any CPU
		{E428080E-4EFA-47CE-9D82-2CCD52ACA9F2}.Development|Any CPU.ActiveCfg = Debug|Any CPU
		{E428080E-4EFA-47CE-9D82-2CCD52ACA9F2}.Development|Any CPU.Build.0 = Debug|Any CPU
		{E428080E-4EFA-47CE-9D82-2CCD52ACA9F2}.Release|Any CPU.ActiveCfg = Release|Any CPU
		{E428080E-4EFA-47CE-9D82-2CCD52ACA9F2}.Release|Any CPU.Build.0 = Release|Any CPU
		{94C85810-A9AA-4382-A9EA-12B51557ECF7}.Debug|Any CPU.ActiveCfg = Debug|Any CPU
		{94C85810-A9AA-4382-A9EA-12B51557ECF7}.Debug|Any CPU.Build.0 = Debug|Any CPU
		{94C85810-A9AA-4382-A9EA-12B51557ECF7}.Development|Any CPU.ActiveCfg = Debug|Any CPU
		{94C85810-A9AA-4382-A9EA-12B51557ECF7}.Development|Any CPU.Build.0 = Debug|Any CPU
		{94C85810-A9AA-4382-A9EA-12B51557ECF7}.Release|Any CPU.ActiveCfg = Release|Any CPU
		{94C85810-A9AA-4382-A9EA-12B51557ECF7}.Release|Any CPU.Build.0 = Release|Any CPU
		{1222F69D-8CC0-4E57-AA29-4C07246A5717}.Debug|Any CPU.ActiveCfg = Debug|Any CPU
		{1222F69D-8CC0-4E57-AA29-4C07246A5717}.Debug|Any CPU.Build.0 = Debug|Any CPU
		{1222F69D-8CC0-4E57-AA29-4C07246A5717}.Development|Any CPU.ActiveCfg = Debug|Any CPU
		{1222F69D-8CC0-4E57-AA29-4C07246A5717}.Development|Any CPU.Build.0 = Debug|Any CPU
		{1222F69D-8CC0-4E57-AA29-4C07246A5717}.Release|Any CPU.ActiveCfg = Release|Any CPU
		{1222F69D-8CC0-4E57-AA29-4C07246A5717}.Release|Any CPU.Build.0 = Release|Any CPU
		{CB2E75D5-CB4D-4509-AFDA-7D8885B60BEC}.Debug|Any CPU.ActiveCfg = Debug|Any CPU
		{CB2E75D5-CB4D-4509-AFDA-7D8885B60BEC}.Debug|Any CPU.Build.0 = Debug|Any CPU
		{CB2E75D5-CB4D-4509-AFDA-7D8885B60BEC}.Development|Any CPU.ActiveCfg = Debug|Any CPU
		{CB2E75D5-CB4D-4509-AFDA-7D8885B60BEC}.Development|Any CPU.Build.0 = Debug|Any CPU
		{CB2E75D5-CB4D-4509-AFDA-7D8885B60BEC}.Release|Any CPU.ActiveCfg = Release|Any CPU
		{CB2E75D5-CB4D-4509-AFDA-7D8885B60BEC}.Release|Any CPU.Build.0 = Release|Any CPU
		{1DBA1B27-7C2F-47E1-83DF-355A55209DCA}.Debug|Any CPU.ActiveCfg = Debug|Any CPU
		{1DBA1B27-7C2F-47E1-83DF-355A55209DCA}.Debug|Any CPU.Build.0 = Debug|Any CPU
		{1DBA1B27-7C2F-47E1-83DF-355A55209DCA}.Development|Any CPU.ActiveCfg = Debug|Any CPU
		{1DBA1B27-7C2F-47E1-83DF-355A55209DCA}.Development|Any CPU.Build.0 = Debug|Any CPU
		{1DBA1B27-7C2F-47E1-83DF-355A55209DCA}.Release|Any CPU.ActiveCfg = Release|Any CPU
		{1DBA1B27-7C2F-47E1-83DF-355A55209DCA}.Release|Any CPU.Build.0 = Release|Any CPU
		{3322431A-DC02-4287-9A96-8C0D38252A7B}.Debug|Any CPU.ActiveCfg = Debug|Any CPU
		{3322431A-DC02-4287-9A96-8C0D38252A7B}.Debug|Any CPU.Build.0 = Debug|Any CPU
		{3322431A-DC02-4287-9A96-8C0D38252A7B}.Development|Any CPU.ActiveCfg = Debug|Any CPU
		{3322431A-DC02-4287-9A96-8C0D38252A7B}.Development|Any CPU.Build.0 = Debug|Any CPU
		{3322431A-DC02-4287-9A96-8C0D38252A7B}.Release|Any CPU.ActiveCfg = Release|Any CPU
		{3322431A-DC02-4287-9A96-8C0D38252A7B}.Release|Any CPU.Build.0 = Release|Any CPU
		{C62AB5CD-A0EE-440D-B3F5-9A84C28B00EF}.Debug|Any CPU.ActiveCfg = Debug|Any CPU
		{C62AB5CD-A0EE-440D-B3F5-9A84C28B00EF}.Debug|Any CPU.Build.0 = Debug|Any CPU
		{C62AB5CD-A0EE-440D-B3F5-9A84C28B00EF}.Development|Any CPU.ActiveCfg = Debug|Any CPU
		{C62AB5CD-A0EE-440D-B3F5-9A84C28B00EF}.Development|Any CPU.Build.0 = Debug|Any CPU
		{C62AB5CD-A0EE-440D-B3F5-9A84C28B00EF}.Release|Any CPU.ActiveCfg = Release|Any CPU
		{C62AB5CD-A0EE-440D-B3F5-9A84C28B00EF}.Release|Any CPU.Build.0 = Release|Any CPU
		{2C71A6A1-C986-4896-9252-37E1B27AF176}.Debug|Any CPU.ActiveCfg = Debug|Any CPU
		{2C71A6A1-C986-4896-9252-37E1B27AF176}.Debug|Any CPU.Build.0 = Debug|Any CPU
		{2C71A6A1-C986-4896-9252-37E1B27AF176}.Development|Any CPU.ActiveCfg = Debug|Any CPU
		{2C71A6A1-C986-4896-9252-37E1B27AF176}.Development|Any CPU.Build.0 = Debug|Any CPU
		{2C71A6A1-C986-4896-9252-37E1B27AF176}.Release|Any CPU.ActiveCfg = Release|Any CPU
		{2C71A6A1-C986-4896-9252-37E1B27AF176}.Release|Any CPU.Build.0 = Release|Any CPU
		{69744699-9F28-4083-B3B0-CA78561655EB}.Debug|Any CPU.ActiveCfg = Debug|Any CPU
		{69744699-9F28-4083-B3B0-CA78561655EB}.Debug|Any CPU.Build.0 = Debug|Any CPU
		{69744699-9F28-4083-B3B0-CA78561655EB}.Development|Any CPU.ActiveCfg = Debug|Any CPU
		{69744699-9F28-4083-B3B0-CA78561655EB}.Development|Any CPU.Build.0 = Debug|Any CPU
		{69744699-9F28-4083-B3B0-CA78561655EB}.Release|Any CPU.ActiveCfg = Release|Any CPU
		{69744699-9F28-4083-B3B0-CA78561655EB}.Release|Any CPU.Build.0 = Release|Any CPU
		{225B4613-E42D-437A-9853-AD33A01DC0C3}.Debug|Any CPU.ActiveCfg = Debug|Any CPU
		{225B4613-E42D-437A-9853-AD33A01DC0C3}.Debug|Any CPU.Build.0 = Debug|Any CPU
		{225B4613-E42D-437A-9853-AD33A01DC0C3}.Development|Any CPU.ActiveCfg = Debug|Any CPU
		{225B4613-E42D-437A-9853-AD33A01DC0C3}.Development|Any CPU.Build.0 = Debug|Any CPU
		{225B4613-E42D-437A-9853-AD33A01DC0C3}.Release|Any CPU.ActiveCfg = Release|Any CPU
		{225B4613-E42D-437A-9853-AD33A01DC0C3}.Release|Any CPU.Build.0 = Release|Any CPU
		{8C5A95DE-F0FA-4863-991C-1852F0E81B35}.Debug|Any CPU.ActiveCfg = Debug|Any CPU
		{8C5A95DE-F0FA-4863-991C-1852F0E81B35}.Debug|Any CPU.Build.0 = Debug|Any CPU
		{8C5A95DE-F0FA-4863-991C-1852F0E81B35}.Development|Any CPU.ActiveCfg = Debug|Any CPU
		{8C5A95DE-F0FA-4863-991C-1852F0E81B35}.Development|Any CPU.Build.0 = Debug|Any CPU
		{8C5A95DE-F0FA-4863-991C-1852F0E81B35}.Release|Any CPU.ActiveCfg = Release|Any CPU
		{8C5A95DE-F0FA-4863-991C-1852F0E81B35}.Release|Any CPU.Build.0 = Release|Any CPU
		{FA3CC7BD-513C-4C71-A809-2A7A4EF84957}.Debug|Any CPU.ActiveCfg = Debug|Any CPU
		{FA3CC7BD-513C-4C71-A809-2A7A4EF84957}.Debug|Any CPU.Build.0 = Debug|Any CPU
		{FA3CC7BD-513C-4C71-A809-2A7A4EF84957}.Development|Any CPU.ActiveCfg = Debug|Any CPU
		{FA3CC7BD-513C-4C71-A809-2A7A4EF84957}.Development|Any CPU.Build.0 = Debug|Any CPU
		{FA3CC7BD-513C-4C71-A809-2A7A4EF84957}.Release|Any CPU.ActiveCfg = Release|Any CPU
		{FA3CC7BD-513C-4C71-A809-2A7A4EF84957}.Release|Any CPU.Build.0 = Release|Any CPU
		{DB261058-0DF2-4952-BDEC-B0653E85A4E1}.Debug|Any CPU.ActiveCfg = Debug|Any CPU
		{DB261058-0DF2-4952-BDEC-B0653E85A4E1}.Debug|Any CPU.Build.0 = Debug|Any CPU
		{DB261058-0DF2-4952-BDEC-B0653E85A4E1}.Development|Any CPU.ActiveCfg = Debug|Any CPU
		{DB261058-0DF2-4952-BDEC-B0653E85A4E1}.Development|Any CPU.Build.0 = Debug|Any CPU
		{DB261058-0DF2-4952-BDEC-B0653E85A4E1}.Release|Any CPU.ActiveCfg = Release|Any CPU
		{DB261058-0DF2-4952-BDEC-B0653E85A4E1}.Release|Any CPU.Build.0 = Release|Any CPU
		{5CBF3EB0-3012-4F95-9C9F-94CC60B7AA1A}.Debug|Any CPU.ActiveCfg = Debug|Any CPU
		{5CBF3EB0-3012-4F95-9C9F-94CC60B7AA1A}.Debug|Any CPU.Build.0 = Debug|Any CPU
		{5CBF3EB0-3012-4F95-9C9F-94CC60B7AA1A}.Development|Any CPU.ActiveCfg = Debug|Any CPU
		{5CBF3EB0-3012-4F95-9C9F-94CC60B7AA1A}.Development|Any CPU.Build.0 = Debug|Any CPU
		{5CBF3EB0-3012-4F95-9C9F-94CC60B7AA1A}.Release|Any CPU.ActiveCfg = Release|Any CPU
		{5CBF3EB0-3012-4F95-9C9F-94CC60B7AA1A}.Release|Any CPU.Build.0 = Release|Any CPU
		{B69914D0-5ECD-4C2F-8BF6-62B92A241530}.Debug|Any CPU.ActiveCfg = Debug|Any CPU
		{B69914D0-5ECD-4C2F-8BF6-62B92A241530}.Debug|Any CPU.Build.0 = Debug|Any CPU
		{B69914D0-5ECD-4C2F-8BF6-62B92A241530}.Development|Any CPU.ActiveCfg = Debug|Any CPU
		{B69914D0-5ECD-4C2F-8BF6-62B92A241530}.Development|Any CPU.Build.0 = Debug|Any CPU
		{B69914D0-5ECD-4C2F-8BF6-62B92A241530}.Release|Any CPU.ActiveCfg = Release|Any CPU
		{B69914D0-5ECD-4C2F-8BF6-62B92A241530}.Release|Any CPU.Build.0 = Release|Any CPU
		{A2AED0A0-B987-4161-AA37-BDDF0C08B444}.Debug|Any CPU.ActiveCfg = Debug|Any CPU
		{A2AED0A0-B987-4161-AA37-BDDF0C08B444}.Debug|Any CPU.Build.0 = Debug|Any CPU
		{A2AED0A0-B987-4161-AA37-BDDF0C08B444}.Development|Any CPU.ActiveCfg = Debug|Any CPU
		{A2AED0A0-B987-4161-AA37-BDDF0C08B444}.Development|Any CPU.Build.0 = Debug|Any CPU
		{A2AED0A0-B987-4161-AA37-BDDF0C08B444}.Release|Any CPU.ActiveCfg = Release|Any CPU
		{A2AED0A0-B987-4161-AA37-BDDF0C08B444}.Release|Any CPU.Build.0 = Release|Any CPU
		{172E1675-087D-4878-A509-60C6EE8FDEDC}.Debug|Any CPU.ActiveCfg = Debug|Any CPU
		{172E1675-087D-4878-A509-60C6EE8FDEDC}.Debug|Any CPU.Build.0 = Debug|Any CPU
		{172E1675-087D-4878-A509-60C6EE8FDEDC}.Development|Any CPU.ActiveCfg = Debug|Any CPU
		{172E1675-087D-4878-A509-60C6EE8FDEDC}.Development|Any CPU.Build.0 = Debug|Any CPU
		{172E1675-087D-4878-A509-60C6EE8FDEDC}.Release|Any CPU.ActiveCfg = Release|Any CPU
		{172E1675-087D-4878-A509-60C6EE8FDEDC}.Release|Any CPU.Build.0 = Release|Any CPU
		{3206ABD7-B1E7-4578-BA97-C893A9D825B1}.Debug|Any CPU.ActiveCfg = Debug|Any CPU
		{3206ABD7-B1E7-4578-BA97-C893A9D825B1}.Debug|Any CPU.Build.0 = Debug|Any CPU
		{3206ABD7-B1E7-4578-BA97-C893A9D825B1}.Development|Any CPU.ActiveCfg = Debug|Any CPU
		{3206ABD7-B1E7-4578-BA97-C893A9D825B1}.Development|Any CPU.Build.0 = Debug|Any CPU
		{3206ABD7-B1E7-4578-BA97-C893A9D825B1}.Release|Any CPU.ActiveCfg = Release|Any CPU
		{3206ABD7-B1E7-4578-BA97-C893A9D825B1}.Release|Any CPU.Build.0 = Release|Any CPU
		{EDE02ED9-41F7-4E5A-9F53-FAEBB1EB24FD}.Debug|Any CPU.ActiveCfg = Debug|Any CPU
		{EDE02ED9-41F7-4E5A-9F53-FAEBB1EB24FD}.Debug|Any CPU.Build.0 = Debug|Any CPU
		{EDE02ED9-41F7-4E5A-9F53-FAEBB1EB24FD}.Development|Any CPU.ActiveCfg = Debug|Any CPU
		{EDE02ED9-41F7-4E5A-9F53-FAEBB1EB24FD}.Development|Any CPU.Build.0 = Debug|Any CPU
		{EDE02ED9-41F7-4E5A-9F53-FAEBB1EB24FD}.Release|Any CPU.ActiveCfg = Release|Any CPU
		{EDE02ED9-41F7-4E5A-9F53-FAEBB1EB24FD}.Release|Any CPU.Build.0 = Release|Any CPU
		{010249D3-CA70-436B-8D93-425C41F60D7C}.Debug|Any CPU.ActiveCfg = Debug|Any CPU
		{010249D3-CA70-436B-8D93-425C41F60D7C}.Debug|Any CPU.Build.0 = Debug|Any CPU
		{010249D3-CA70-436B-8D93-425C41F60D7C}.Development|Any CPU.ActiveCfg = Debug|Any CPU
		{010249D3-CA70-436B-8D93-425C41F60D7C}.Development|Any CPU.Build.0 = Debug|Any CPU
		{010249D3-CA70-436B-8D93-425C41F60D7C}.Release|Any CPU.ActiveCfg = Release|Any CPU
		{010249D3-CA70-436B-8D93-425C41F60D7C}.Release|Any CPU.Build.0 = Release|Any CPU
		{72D34A3A-F0F9-4EC9-BD82-CD6A66A328CA}.Debug|Any CPU.ActiveCfg = Debug|Any CPU
		{72D34A3A-F0F9-4EC9-BD82-CD6A66A328CA}.Debug|Any CPU.Build.0 = Debug|Any CPU
		{72D34A3A-F0F9-4EC9-BD82-CD6A66A328CA}.Development|Any CPU.ActiveCfg = Debug|Any CPU
		{72D34A3A-F0F9-4EC9-BD82-CD6A66A328CA}.Development|Any CPU.Build.0 = Debug|Any CPU
		{72D34A3A-F0F9-4EC9-BD82-CD6A66A328CA}.Release|Any CPU.ActiveCfg = Release|Any CPU
		{72D34A3A-F0F9-4EC9-BD82-CD6A66A328CA}.Release|Any CPU.Build.0 = Release|Any CPU
		{C722D093-8F8B-4457-8BB8-8C9FF077715C}.Debug|Any CPU.ActiveCfg = Debug|Any CPU
		{C722D093-8F8B-4457-8BB8-8C9FF077715C}.Debug|Any CPU.Build.0 = Debug|Any CPU
		{C722D093-8F8B-4457-8BB8-8C9FF077715C}.Development|Any CPU.ActiveCfg = Debug|Any CPU
		{C722D093-8F8B-4457-8BB8-8C9FF077715C}.Development|Any CPU.Build.0 = Debug|Any CPU
		{C722D093-8F8B-4457-8BB8-8C9FF077715C}.Release|Any CPU.ActiveCfg = Release|Any CPU
		{C722D093-8F8B-4457-8BB8-8C9FF077715C}.Release|Any CPU.Build.0 = Release|Any CPU
		{F15ED9E0-77D0-4614-93D0-A79BB1708EF1}.Debug|Any CPU.ActiveCfg = Debug|Any CPU
		{F15ED9E0-77D0-4614-93D0-A79BB1708EF1}.Debug|Any CPU.Build.0 = Debug|Any CPU
		{F15ED9E0-77D0-4614-93D0-A79BB1708EF1}.Development|Any CPU.ActiveCfg = Debug|Any CPU
		{F15ED9E0-77D0-4614-93D0-A79BB1708EF1}.Development|Any CPU.Build.0 = Debug|Any CPU
		{F15ED9E0-77D0-4614-93D0-A79BB1708EF1}.Release|Any CPU.ActiveCfg = Release|Any CPU
		{F15ED9E0-77D0-4614-93D0-A79BB1708EF1}.Release|Any CPU.Build.0 = Release|Any CPU
		{6F7C9BD7-0265-4AFF-8F87-A6813D6DE70B}.Debug|Any CPU.ActiveCfg = Debug|Any CPU
		{6F7C9BD7-0265-4AFF-8F87-A6813D6DE70B}.Debug|Any CPU.Build.0 = Debug|Any CPU
		{6F7C9BD7-0265-4AFF-8F87-A6813D6DE70B}.Development|Any CPU.ActiveCfg = Debug|Any CPU
		{6F7C9BD7-0265-4AFF-8F87-A6813D6DE70B}.Development|Any CPU.Build.0 = Debug|Any CPU
		{6F7C9BD7-0265-4AFF-8F87-A6813D6DE70B}.Release|Any CPU.ActiveCfg = Release|Any CPU
		{6F7C9BD7-0265-4AFF-8F87-A6813D6DE70B}.Release|Any CPU.Build.0 = Release|Any CPU
		{81452405-E74B-4777-97F5-DD6CEAF12101}.Debug|Any CPU.ActiveCfg = Debug|Any CPU
		{81452405-E74B-4777-97F5-DD6CEAF12101}.Debug|Any CPU.Build.0 = Debug|Any CPU
		{81452405-E74B-4777-97F5-DD6CEAF12101}.Development|Any CPU.ActiveCfg = Debug|Any CPU
		{81452405-E74B-4777-97F5-DD6CEAF12101}.Development|Any CPU.Build.0 = Debug|Any CPU
		{81452405-E74B-4777-97F5-DD6CEAF12101}.Release|Any CPU.ActiveCfg = Release|Any CPU
		{81452405-E74B-4777-97F5-DD6CEAF12101}.Release|Any CPU.Build.0 = Release|Any CPU
		{EBD73ACD-4612-41AA-B43D-84B369DF324D}.Debug|Any CPU.ActiveCfg = Debug|Any CPU
		{EBD73ACD-4612-41AA-B43D-84B369DF324D}.Debug|Any CPU.Build.0 = Debug|Any CPU
		{EBD73ACD-4612-41AA-B43D-84B369DF324D}.Development|Any CPU.ActiveCfg = Debug|Any CPU
		{EBD73ACD-4612-41AA-B43D-84B369DF324D}.Development|Any CPU.Build.0 = Debug|Any CPU
		{EBD73ACD-4612-41AA-B43D-84B369DF324D}.Release|Any CPU.ActiveCfg = Release|Any CPU
		{EBD73ACD-4612-41AA-B43D-84B369DF324D}.Release|Any CPU.Build.0 = Release|Any CPU
		{F7BA32A0-2035-4EE7-8B0A-97351E45FC35}.Debug|Any CPU.ActiveCfg = Debug|Any CPU
		{F7BA32A0-2035-4EE7-8B0A-97351E45FC35}.Debug|Any CPU.Build.0 = Debug|Any CPU
		{F7BA32A0-2035-4EE7-8B0A-97351E45FC35}.Development|Any CPU.ActiveCfg = Debug|Any CPU
		{F7BA32A0-2035-4EE7-8B0A-97351E45FC35}.Development|Any CPU.Build.0 = Debug|Any CPU
		{F7BA32A0-2035-4EE7-8B0A-97351E45FC35}.Release|Any CPU.ActiveCfg = Release|Any CPU
		{F7BA32A0-2035-4EE7-8B0A-97351E45FC35}.Release|Any CPU.Build.0 = Release|Any CPU
		{092C9E1C-0E98-455D-AC5B-C44C633CDA4E}.Debug|Any CPU.ActiveCfg = Debug|Any CPU
		{092C9E1C-0E98-455D-AC5B-C44C633CDA4E}.Debug|Any CPU.Build.0 = Debug|Any CPU
		{092C9E1C-0E98-455D-AC5B-C44C633CDA4E}.Development|Any CPU.ActiveCfg = Debug|Any CPU
		{092C9E1C-0E98-455D-AC5B-C44C633CDA4E}.Development|Any CPU.Build.0 = Debug|Any CPU
		{092C9E1C-0E98-455D-AC5B-C44C633CDA4E}.Release|Any CPU.ActiveCfg = Release|Any CPU
		{092C9E1C-0E98-455D-AC5B-C44C633CDA4E}.Release|Any CPU.Build.0 = Release|Any CPU
		{9145C1C3-DE30-4262-AF1E-1F2D25D90BCA}.Debug|Any CPU.ActiveCfg = Debug|Any CPU
		{9145C1C3-DE30-4262-AF1E-1F2D25D90BCA}.Debug|Any CPU.Build.0 = Debug|Any CPU
		{9145C1C3-DE30-4262-AF1E-1F2D25D90BCA}.Development|Any CPU.ActiveCfg = Debug|Any CPU
		{9145C1C3-DE30-4262-AF1E-1F2D25D90BCA}.Development|Any CPU.Build.0 = Debug|Any CPU
		{9145C1C3-DE30-4262-AF1E-1F2D25D90BCA}.Release|Any CPU.ActiveCfg = Release|Any CPU
		{9145C1C3-DE30-4262-AF1E-1F2D25D90BCA}.Release|Any CPU.Build.0 = Release|Any CPU
	EndGlobalSection
	GlobalSection(SolutionProperties) = preSolution
		HideSolutionNode = FALSE
	EndGlobalSection
	GlobalSection(NestedProjects) = preSolution
		{CB89BAB0-4BF0-4BC5-85A6-2F513DF3751B} = {943DF33D-858F-44C4-9C92-AA45C4FAEFE6}
		{3A660C91-8A73-435F-B21C-BE30F6E861C8} = {9AA93928-0AE7-46BA-93CD-227FD7A2E25A}
		{23F6E5BD-5010-4F30-AF14-FB4855E63F59} = {9AA93928-0AE7-46BA-93CD-227FD7A2E25A}
		{E552A2E0-C374-4E1E-946B-30950AA135DC} = {9C18F9AD-6EB4-4B88-957E-DDD8440EEAE2}
		{E5395B81-065E-4274-9131-218FEDEC525B} = {9AA93928-0AE7-46BA-93CD-227FD7A2E25A}
		{40A5F5B0-90F8-4A8D-8FF6-9DCF9EFC96B1} = {9AA93928-0AE7-46BA-93CD-227FD7A2E25A}
		{0E9D8BBF-C2D8-428F-92EA-0173F4943087} = {9C18F9AD-6EB4-4B88-957E-DDD8440EEAE2}
		{B3741B7F-F868-47BF-A11E-F9055DD11292} = {512A8730-EF34-4AA7-A499-9B40D3DD77BE}
		{0675AE77-7549-41CB-9774-E4A2E69CC7F4} = {512A8730-EF34-4AA7-A499-9B40D3DD77BE}
		{242E48D5-9267-4297-9185-106CAF336A42} = {512A8730-EF34-4AA7-A499-9B40D3DD77BE}
		{94C85810-A9AA-4382-A9EA-12B51557ECF7} = {9AA93928-0AE7-46BA-93CD-227FD7A2E25A}
		{1222F69D-8CC0-4E57-AA29-4C07246A5717} = {9AA93928-0AE7-46BA-93CD-227FD7A2E25A}
		{5CB390FD-9F2D-4B9D-ACE6-03F6C49EAD38} = {51520F88-F0CE-41F7-9DBD-F2B0A7E1A617}
		{CB2E75D5-CB4D-4509-AFDA-7D8885B60BEC} = {5CB390FD-9F2D-4B9D-ACE6-03F6C49EAD38}
		{1DBA1B27-7C2F-47E1-83DF-355A55209DCA} = {51520F88-F0CE-41F7-9DBD-F2B0A7E1A617}
		{3322431A-DC02-4287-9A96-8C0D38252A7B} = {C6C25315-2C7F-45BA-B76C-18C099DE3913}
		{C62AB5CD-A0EE-440D-B3F5-9A84C28B00EF} = {943DF33D-858F-44C4-9C92-AA45C4FAEFE6}
		{2C71A6A1-C986-4896-9252-37E1B27AF176} = {C6C25315-2C7F-45BA-B76C-18C099DE3913}
		{69744699-9F28-4083-B3B0-CA78561655EB} = {51520F88-F0CE-41F7-9DBD-F2B0A7E1A617}
		{DB261058-0DF2-4952-BDEC-B0653E85A4E1} = {A986B119-6E63-467B-9CA2-4E4847BE7794}
		{5CBF3EB0-3012-4F95-9C9F-94CC60B7AA1A} = {390AD2CB-B9BC-4EDA-8CA8-C6BAF7AA5C2F}
		{B69914D0-5ECD-4C2F-8BF6-62B92A241530} = {95B06204-CE29-428F-A381-EE5C0DA76068}
		{A2AED0A0-B987-4161-AA37-BDDF0C08B444} = {95B06204-CE29-428F-A381-EE5C0DA76068}
		{172E1675-087D-4878-A509-60C6EE8FDEDC} = {95B06204-CE29-428F-A381-EE5C0DA76068}
		{72D34A3A-F0F9-4EC9-BD82-CD6A66A328CA} = {A986B119-6E63-467B-9CA2-4E4847BE7794}
		{C722D093-8F8B-4457-8BB8-8C9FF077715C} = {C6C25315-2C7F-45BA-B76C-18C099DE3913}
		{F15ED9E0-77D0-4614-93D0-A79BB1708EF1} = {95B06204-CE29-428F-A381-EE5C0DA76068}
		{6F7C9BD7-0265-4AFF-8F87-A6813D6DE70B} = {95B06204-CE29-428F-A381-EE5C0DA76068}
		{81452405-E74B-4777-97F5-DD6CEAF12101} = {C6C25315-2C7F-45BA-B76C-18C099DE3913}
		{EBD73ACD-4612-41AA-B43D-84B369DF324D} = {95B06204-CE29-428F-A381-EE5C0DA76068}
		{F7BA32A0-2035-4EE7-8B0A-97351E45FC35} = {95B06204-CE29-428F-A381-EE5C0DA76068}
		{092C9E1C-0E98-455D-AC5B-C44C633CDA4E} = {390AD2CB-B9BC-4EDA-8CA8-C6BAF7AA5C2F}
		{9145C1C3-DE30-4262-AF1E-1F2D25D90BCA} = {95B06204-CE29-428F-A381-EE5C0DA76068}
	EndGlobalSection
	GlobalSection(ExtensibilityGlobals) = postSolution
		SolutionGuid = {BF6486CC-B710-4CAB-AC65-C68A40DBBA1A}
	EndGlobalSection
EndGlobal
